
Microsoft Visual Studio Solution File, Format Version 12.00
# Visual Studio 15
VisualStudioVersion = 15.0.28010.2016
MinimumVisualStudioVersion = 10.0.40219.1
Project("{FAE04EC0-301F-11D3-BF4B-00C04F79EFBC}") = "Chapter9", "ConsoleApp7\Chapter9.csproj", "{B666A0C2-55D5-416B-B553-C51DCC784247}"
EndProject
Global
	GlobalSection(SolutionConfigurationPlatforms) = preSolution
		Debug|Any CPU = Debug|Any CPU
		Release|Any CPU = Release|Any CPU
	EndGlobalSection
	GlobalSection(ProjectConfigurationPlatforms) = postSolution
		{B666A0C2-55D5-416B-B553-C51DCC784247}.Debug|Any CPU.ActiveCfg = Debug|Any CPU
		{B666A0C2-55D5-416B-B553-C51DCC784247}.Debug|Any CPU.Build.0 = Debug|Any CPU
		{B666A0C2-55D5-416B-B553-C51DCC784247}.Release|Any CPU.ActiveCfg = Release|Any CPU
		{B666A0C2-55D5-416B-B553-C51DCC784247}.Release|Any CPU.Build.0 = Release|Any CPU
	EndGlobalSection
	GlobalSection(SolutionProperties) = preSolution
		HideSolutionNode = FALSE
	EndGlobalSection
	GlobalSection(ExtensibilityGlobals) = postSolution
		SolutionGuid = {D1612CC8-00B0-4E16-AF60-662450D20E08}
	EndGlobalSection
EndGlobal
