
Microsoft Visual Studio Solution File, Format Version 12.00
# Visual Studio 15
VisualStudioVersion = 15.0.28010.2016
MinimumVisualStudioVersion = 10.0.40219.1
Project("{FAE04EC0-301F-11D3-BF4B-00C04F79EFBC}") = "ConsoleApp3", "ConsoleApp3\ConsoleApp3.csproj", "{1A182557-436E-477D-B05B-3DE47D7906A7}"
EndProject
Global
	GlobalSection(SolutionConfigurationPlatforms) = preSolution
		Debug|Any CPU = Debug|Any CPU
		Release|Any CPU = Release|Any CPU
	EndGlobalSection
	GlobalSection(ProjectConfigurationPlatforms) = postSolution
		{1A182557-436E-477D-B05B-3DE47D7906A7}.Debug|Any CPU.ActiveCfg = Debug|Any CPU
		{1A182557-436E-477D-B05B-3DE47D7906A7}.Debug|Any CPU.Build.0 = Debug|Any CPU
		{1A182557-436E-477D-B05B-3DE47D7906A7}.Release|Any CPU.ActiveCfg = Release|Any CPU
		{1A182557-436E-477D-B05B-3DE47D7906A7}.Release|Any CPU.Build.0 = Release|Any CPU
	EndGlobalSection
	GlobalSection(SolutionProperties) = preSolution
		HideSolutionNode = FALSE
	EndGlobalSection
	GlobalSection(ExtensibilityGlobals) = postSolution
		SolutionGuid = {559F8017-DAC4-4124-B68C-0F01C38AB1C8}
	EndGlobalSection
EndGlobal
